
Microsoft Visual Studio Solution File, Format Version 12.00
# Visual Studio 2012
Project("{8BC9CEB8-8B4A-11D0-8D11-00A0C91BC942}") = "GamesProgramming2labs", "GamesProgramming2labs\GamesProgramming2labs.vcxproj", "{B6796CF5-4D10-4DF8-9F35-6F5CDBB0D118}"
EndProject
Project("{2150E333-8FDC-42A3-9474-1A3956D46DE8}") = "Solution Items", "Solution Items", "{D3F0F411-5254-4D4C-9805-DF248FED07BA}"
EndProject
Global
	GlobalSection(SolutionConfigurationPlatforms) = preSolution
		Debug|Win32 = Debug|Win32
		Release|Win32 = Release|Win32
	EndGlobalSection
	GlobalSection(ProjectConfigurationPlatforms) = postSolution
		{B6796CF5-4D10-4DF8-9F35-6F5CDBB0D118}.Debug|Win32.ActiveCfg = Debug|Win32
		{B6796CF5-4D10-4DF8-9F35-6F5CDBB0D118}.Debug|Win32.Build.0 = Debug|Win32
		{B6796CF5-4D10-4DF8-9F35-6F5CDBB0D118}.Release|Win32.ActiveCfg = Release|Win32
		{B6796CF5-4D10-4DF8-9F35-6F5CDBB0D118}.Release|Win32.Build.0 = Release|Win32
	EndGlobalSection
	GlobalSection(SolutionProperties) = preSolution
		HideSolutionNode = FALSE
	EndGlobalSection
EndGlobal
